
Microsoft Visual Studio Solution File, Format Version 12.00
# Visual Studio Version 16
VisualStudioVersion = 16.0.31025.194
MinimumVisualStudioVersion = 10.0.40219.1
Project("{FAE04EC0-301F-11D3-BF4B-00C04F79EFBC}") = "Serwer", "Serwer\Serwer.csproj", "{20482212-1471-4867-9371-92969ABA75DA}"
EndProject
Global
	GlobalSection(SolutionConfigurationPlatforms) = preSolution
		Debug|Any CPU = Debug|Any CPU
		Release|Any CPU = Release|Any CPU
	EndGlobalSection
	GlobalSection(ProjectConfigurationPlatforms) = postSolution
		{20482212-1471-4867-9371-92969ABA75DA}.Debug|Any CPU.ActiveCfg = Debug|Any CPU
		{20482212-1471-4867-9371-92969ABA75DA}.Debug|Any CPU.Build.0 = Debug|Any CPU
		{20482212-1471-4867-9371-92969ABA75DA}.Release|Any CPU.ActiveCfg = Release|Any CPU
		{20482212-1471-4867-9371-92969ABA75DA}.Release|Any CPU.Build.0 = Release|Any CPU
	EndGlobalSection
	GlobalSection(SolutionProperties) = preSolution
		HideSolutionNode = FALSE
	EndGlobalSection
	GlobalSection(ExtensibilityGlobals) = postSolution
		SolutionGuid = {9DA17D0B-95AF-49B3-B1D4-4CD2ADDB7FD8}
	EndGlobalSection
EndGlobal
